Microsoft Visual Studio Solution File, Format Version 12.00
# Visual Studio Version 18
VisualStudioVersion = 18.4.11605.240 stable
MinimumVisualStudioVersion = 10.0.40219.1
Project("{2150E333-8FDC-42A3-9474-1A3956D46DE8}") = "src", "src", "{61D8F7B2-41E7-42C0-807E-0448F198D617}"
EndProject
Project("{9A19103F-16F7-4668-BE54-9A1E7A4F7556}") = "Virtocommerce.UCP.Web", "src\Virtocommerce.UCP.Web\Virtocommerce.UCP.Web.csproj", "{0B50F79A-C720-4DEB-B2CB-60391D15F1EE}"
EndProject
Project("{9A19103F-16F7-4668-BE54-9A1E7A4F7556}") = "Virtocommerce.UCP.Data", "src\Virtocommerce.UCP.Data\Virtocommerce.UCP.Data.csproj", "{D395D06D-A283-4EBB-952B-5BAAAFB02A95}"
EndProject
Project("{9A19103F-16F7-4668-BE54-9A1E7A4F7556}") = "Virtocommerce.UCP.Core", "src\Virtocommerce.UCP.Core\Virtocommerce.UCP.Core.csproj", "{FF0A460B-53B7-4E8C-B217-EAC0AE827F1E}"
EndProject
Project("{9A19103F-16F7-4668-BE54-9A1E7A4F7556}") = "Virtocommerce.UCP.Data.MySql", "src\Virtocommerce.UCP.Data.MySql\Virtocommerce.UCP.Data.MySql.csproj", "{197CB7B5-5483-46CC-8D71-0D75DA5B5EB5}"
EndProject
Project("{9A19103F-16F7-4668-BE54-9A1E7A4F7556}") = "Virtocommerce.UCP.Data.PostgreSql", "src\Virtocommerce.UCP.Data.PostgreSql\Virtocommerce.UCP.Data.PostgreSql.csproj", "{BEE0B534-56B5-4196-A343-5AB2038685E0}"
EndProject
Project("{9A19103F-16F7-4668-BE54-9A1E7A4F7556}") = "Virtocommerce.UCP.Data.SqlServer", "src\Virtocommerce.UCP.Data.SqlServer\Virtocommerce.UCP.Data.SqlServer.csproj", "{E9032F67-6046-424C-BFF6-D3F62D05443A}"
EndProject
Project("{9A19103F-16F7-4668-BE54-9A1E7A4F7556}") = "Virtocommerce.UCP.ExperienceApi", "src\Virtocommerce.UCP.ExperienceApi\Virtocommerce.UCP.ExperienceApi.csproj", "{2D86F083-A89E-48DE-801C-01EAB9943BFF}"
EndProject
Project("{2150E333-8FDC-42A3-9474-1A3956D46DE8}") = "tests", "tests", "{194C1633-547A-438D-A08E-A36D04A3171B}"
EndProject
Project("{9A19103F-16F7-4668-BE54-9A1E7A4F7556}") = "Virtocommerce.UCP.Tests", "tests\Virtocommerce.UCP.Tests\Virtocommerce.UCP.Tests.csproj", "{37AF6C68-C4B0-4193-A1FC-1AE3DFD77046}"
EndProject
Project("{2150E333-8FDC-42A3-9474-1A3956D46DE8}") = "Solution Items", "Solution Items", "{73225427-D053-4AAE-8AD0-8C1309E7F03E}"
	ProjectSection(SolutionItems) = preProject
		.editorconfig = .editorconfig
		.gitignore = .gitignore
		Directory.Build.props = Directory.Build.props
		LICENSE = LICENSE
		module.ignore = module.ignore
		README.md = README.md
		Virtocommerce.UCP.sln.DotSettings = Virtocommerce.UCP.sln.DotSettings
	EndProjectSection
EndProject
Global
	GlobalSection(SolutionConfigurationPlatforms) = preSolution
		Debug|Any CPU = Debug|Any CPU
		Release|Any CPU = Release|Any CPU
	EndGlobalSection
	GlobalSection(ProjectConfigurationPlatforms) = postSolution
		{0B50F79A-C720-4DEB-B2CB-60391D15F1EE}.Debug|Any CPU.ActiveCfg = Debug|Any CPU
		{0B50F79A-C720-4DEB-B2CB-60391D15F1EE}.Debug|Any CPU.Build.0 = Debug|Any CPU
		{0B50F79A-C720-4DEB-B2CB-60391D15F1EE}.Release|Any CPU.ActiveCfg = Release|Any CPU
		{0B50F79A-C720-4DEB-B2CB-60391D15F1EE}.Release|Any CPU.Build.0 = Release|Any CPU
		{D395D06D-A283-4EBB-952B-5BAAAFB02A95}.Debug|Any CPU.ActiveCfg = Debug|Any CPU
		{D395D06D-A283-4EBB-952B-5BAAAFB02A95}.Debug|Any CPU.Build.0 = Debug|Any CPU
		{D395D06D-A283-4EBB-952B-5BAAAFB02A95}.Release|Any CPU.ActiveCfg = Release|Any CPU
		{D395D06D-A283-4EBB-952B-5BAAAFB02A95}.Release|Any CPU.Build.0 = Release|Any CPU
		{FF0A460B-53B7-4E8C-B217-EAC0AE827F1E}.Debug|Any CPU.ActiveCfg = Debug|Any CPU
		{FF0A460B-53B7-4E8C-B217-EAC0AE827F1E}.Debug|Any CPU.Build.0 = Debug|Any CPU
		{FF0A460B-53B7-4E8C-B217-EAC0AE827F1E}.Release|Any CPU.ActiveCfg = Release|Any CPU
		{FF0A460B-53B7-4E8C-B217-EAC0AE827F1E}.Release|Any CPU.Build.0 = Release|Any CPU
		{197CB7B5-5483-46CC-8D71-0D75DA5B5EB5}.Debug|Any CPU.ActiveCfg = Debug|Any CPU
		{197CB7B5-5483-46CC-8D71-0D75DA5B5EB5}.Debug|Any CPU.Build.0 = Debug|Any CPU
		{197CB7B5-5483-46CC-8D71-0D75DA5B5EB5}.Release|Any CPU.ActiveCfg = Release|Any CPU
		{197CB7B5-5483-46CC-8D71-0D75DA5B5EB5}.Release|Any CPU.Build.0 = Release|Any CPU
		{BEE0B534-56B5-4196-A343-5AB2038685E0}.Debug|Any CPU.ActiveCfg = Debug|Any CPU
		{BEE0B534-56B5-4196-A343-5AB2038685E0}.Debug|Any CPU.Build.0 = Debug|Any CPU
		{BEE0B534-56B5-4196-A343-5AB2038685E0}.Release|Any CPU.ActiveCfg = Release|Any CPU
		{BEE0B534-56B5-4196-A343-5AB2038685E0}.Release|Any CPU.Build.0 = Release|Any CPU
		{E9032F67-6046-424C-BFF6-D3F62D05443A}.Debug|Any CPU.ActiveCfg = Debug|Any CPU
		{E9032F67-6046-424C-BFF6-D3F62D05443A}.Debug|Any CPU.Build.0 = Debug|Any CPU
		{E9032F67-6046-424C-BFF6-D3F62D05443A}.Release|Any CPU.ActiveCfg = Release|Any CPU
		{E9032F67-6046-424C-BFF6-D3F62D05443A}.Release|Any CPU.Build.0 = Release|Any CPU
		{2D86F083-A89E-48DE-801C-01EAB9943BFF}.Debug|Any CPU.ActiveCfg = Debug|Any CPU
		{2D86F083-A89E-48DE-801C-01EAB9943BFF}.Debug|Any CPU.Build.0 = Debug|Any CPU
		{2D86F083-A89E-48DE-801C-01EAB9943BFF}.Release|Any CPU.ActiveCfg = Release|Any CPU
		{2D86F083-A89E-48DE-801C-01EAB9943BFF}.Release|Any CPU.Build.0 = Release|Any CPU
		{37AF6C68-C4B0-4193-A1FC-1AE3DFD77046}.Debug|Any CPU.ActiveCfg = Debug|Any CPU
		{37AF6C68-C4B0-4193-A1FC-1AE3DFD77046}.Debug|Any CPU.Build.0 = Debug|Any CPU
		{37AF6C68-C4B0-4193-A1FC-1AE3DFD77046}.Release|Any CPU.ActiveCfg = Release|Any CPU
		{37AF6C68-C4B0-4193-A1FC-1AE3DFD77046}.Release|Any CPU.Build.0 = Release|Any CPU
	EndGlobalSection
	GlobalSection(SolutionProperties) = preSolution
		HideSolutionNode = FALSE
	EndGlobalSection
	GlobalSection(NestedProjects) = preSolution
		{0B50F79A-C720-4DEB-B2CB-60391D15F1EE} = {61D8F7B2-41E7-42C0-807E-0448F198D617}
		{D395D06D-A283-4EBB-952B-5BAAAFB02A95} = {61D8F7B2-41E7-42C0-807E-0448F198D617}
		{FF0A460B-53B7-4E8C-B217-EAC0AE827F1E} = {61D8F7B2-41E7-42C0-807E-0448F198D617}
		{197CB7B5-5483-46CC-8D71-0D75DA5B5EB5} = {61D8F7B2-41E7-42C0-807E-0448F198D617}
		{BEE0B534-56B5-4196-A343-5AB2038685E0} = {61D8F7B2-41E7-42C0-807E-0448F198D617}
		{E9032F67-6046-424C-BFF6-D3F62D05443A} = {61D8F7B2-41E7-42C0-807E-0448F198D617}
		{2D86F083-A89E-48DE-801C-01EAB9943BFF} = {61D8F7B2-41E7-42C0-807E-0448F198D617}
		{37AF6C68-C4B0-4193-A1FC-1AE3DFD77046} = {194C1633-547A-438D-A08E-A36D04A3171B}
	EndGlobalSection
	GlobalSection(ExtensibilityGlobals) = postSolution
		SolutionGuid = {1C39A144-ED29-4AF4-9433-6B8D1BE8D210}
	EndGlobalSection
EndGlobal
